// !$*UTF8*$!
{
	archiveVersion = 1;
	classes = {
	};
	objectVersion = 50;
	objects = {

/* Begin PBXBuildFile section */
		0054ADB2237376160053174E /* AppDelegate.swift in Sources */ = {isa = PBXBuildFile; fileRef = 0054ADB1237376160053174E /* AppDelegate.swift */; };
		0054ADB4237376160053174E /* SceneDelegate.swift in Sources */ = {isa = PBXBuildFile; fileRef = 0054ADB3237376160053174E /* SceneDelegate.swift */; };
		0054ADB6237376160053174E /* ContentView.swift in Sources */ = {isa = PBXBuildFile; fileRef = 0054ADB5237376160053174E /* ContentView.swift */; };
		0054ADB8237376190053174E /* Assets.xcassets in Resources */ = {isa = PBXBuildFile; fileRef = 0054ADB7237376190053174E /* Assets.xcassets */; };
		0054ADBB237376190053174E /* Preview Assets.xcassets in Resources */ = {isa = PBXBuildFile; fileRef = 0054ADBA237376190053174E /* Preview Assets.xcassets */; };
		0054ADBE237376190053174E /* LaunchScreen.storyboard in Resources */ = {isa = PBXBuildFile; fileRef = 0054ADBC237376190053174E /* LaunchScreen.storyboard */; };
		0054ADC9237376190053174E /* BullsEyeTests.swift in Sources */ = {isa = PBXBuildFile; fileRef = 0054ADC8237376190053174E /* BullsEyeTests.swift */; };
		0054ADD4237376190053174E /* BullsEyeUITests.swift in Sources */ = {isa = PBXBuildFile; fileRef = 0054ADD3237376190053174E /* BullsEyeUITests.swift */; };
/* End PBXBuildFile section */

/* Begin PBXContainerItemProxy section */
		0054ADC5237376190053174E /* PBXContainerItemProxy */ = {
			isa = PBXContainerItemProxy;
			containerPortal = 0054ADA6237376160053174E /* Project object */;
			proxyType = 1;
			remoteGlobalIDString = 0054ADAD237376160053174E;
			remoteInfo = BullsEye;
		};
		0054ADD0237376190053174E /* PBXContainerItemProxy */ = {
			isa = PBXContainerItemProxy;
			containerPortal = 0054ADA6237376160053174E /* Project object */;
			proxyType = 1;
			remoteGlobalIDString = 0054ADAD237376160053174E;
			remoteInfo = BullsEye;
		};
/* End PBXContainerItemProxy section */

/* Begin PBXFileReference section */
		0054ADAE237376160053174E /* BullsEye.app */ = {isa = PBXFileReference; explicitFileType = wrapper.application; includeInIndex = 0; path = BullsEye.app; sourceTree = BUILT_PRODUCTS_DIR; };
		0054ADB1237376160053174E /* AppDelegate.swift */ = {isa = PBXFileReference; lastKnownFileType = sourcecode.swift; path = AppDelegate.swift; sourceTree = "<group>"; };
		0054ADB3237376160053174E /* SceneDelegate.swift */ = {isa = PBXFileReference; lastKnownFileType = sourcecode.swift; path = SceneDelegate.swift; sourceTree = "<group>"; };
		0054ADB5237376160053174E /* ContentView.swift */ = {isa = PBXFileReference; lastKnownFileType = sourcecode.swift; path = ContentView.swift; sourceTree = "<group>"; };
		0054ADB7237376190053174E /* Assets.xcassets */ = {isa = PBXFileReference; lastKnownFileType = folder.assetcatalog; path = Assets.xcassets; sourceTree = "<group>"; };
		0054ADBA237376190053174E /* Preview Assets.xcassets */ = {isa = PBXFileReference; lastKnownFileType = folder.assetcatalog; path = "Preview Assets.xcassets"; sourceTree = "<group>"; };
		0054ADBD237376190053174E /* Base */ = {isa = PBXFileReference; lastKnownFileType = file.storyboard; name = Base; path = Base.lproj/LaunchScreen.storyboard; sourceTree = "<group>"; };
		0054ADBF237376190053174E /* Info.plist */ = {isa = PBXFileReference; lastKnownFileType = text.plist.xml; path = Info.plist; sourceTree = "<group>"; };
		0054ADC4237376190053174E /* BullsEyeTests.xctest */ = {isa = PBXFileReference; explicitFileType = wrapper.cfbundle; includeInIndex = 0; path = BullsEyeTests.xctest; sourceTree = BUILT_PRODUCTS_DIR; };
		0054ADC8237376190053174E /* BullsEyeTests.swift */ = {isa = PBXFileReference; lastKnownFileType = sourcecode.swift; path = BullsEyeTests.swift; sourceTree = "<group>"; };
		0054ADCA237376190053174E /* Info.plist */ = {isa = PBXFileReference; lastKnownFileType = text.plist.xml; path = Info.plist; sourceTree = "<group>"; };
		0054ADCF237376190053174E /* BullsEyeUITests.xctest */ = {isa = PBXFileReference; explicitFileType = wrapper.cfbundle; includeInIndex = 0; path = BullsEyeUITests.xctest; sourceTree = BUILT_PRODUCTS_DIR; };
		0054ADD3237376190053174E /* BullsEyeUITests.swift */ = {isa = PBXFileReference; lastKnownFileType = sourcecode.swift; path = BullsEyeUITests.swift; sourceTree = "<group>"; };
		0054ADD5237376190053174E /* Info.plist */ = {isa = PBXFileReference; lastKnownFileType = text.plist.xml; path = Info.plist; sourceTree = "<group>"; };
/* End PBXFileReference section */

/* Begin PBXFrameworksBuildPhase section */
		0054ADAB237376160053174E /* Frameworks */ = {
			isa = PBXFrameworksBuildPhase;
			buildActionMask = 2147483647;
			files = (
			);
			runOnlyForDeploymentPostprocessing = 0;
		};
		0054ADC1237376190053174E /* Frameworks */ = {
			isa = PBXFrameworksBuildPhase;
			buildActionMask = 2147483647;
			files = (
			);
			runOnlyForDeploymentPostprocessing = 0;
		};
		0054ADCC237376190053174E /* Frameworks */ = {
			isa = PBXFrameworksBuildPhase;
			buildActionMask = 2147483647;
			files = (
			);
			runOnlyForDeploymentPostprocessing = 0;
		};
/* End PBXFrameworksBuildPhase section */

/* Begin PBXGroup section */
		0054ADA5237376160053174E = {
			isa = PBXGroup;
			children = (
				0054ADB0237376160053174E /* BullsEye */,
				0054ADC7237376190053174E /* BullsEyeTests */,
				0054ADD2237376190053174E /* BullsEyeUITests */,
				0054ADAF237376160053174E /* Products */,
			);
			sourceTree = "<group>";
		};
		0054ADAF237376160053174E /* Products */ = {
			isa = PBXGroup;
			children = (
				0054ADAE237376160053174E /* BullsEye.app */,
				0054ADC4237376190053174E /* BullsEyeTests.xctest */,
				0054ADCF237376190053174E /* BullsEyeUITests.xctest */,
			);
			name = Products;
			sourceTree = "<group>";
		};
		0054ADB0237376160053174E /* BullsEye */ = {
			isa = PBXGroup;
			children = (
				0054ADB1237376160053174E /* AppDelegate.swift */,
				0054ADB3237376160053174E /* SceneDelegate.swift */,
				0054ADB5237376160053174E /* ContentView.swift */,
				0054ADB7237376190053174E /* Assets.xcassets */,
				0054ADBC237376190053174E /* LaunchScreen.storyboard */,
				0054ADBF237376190053174E /* Info.plist */,
				0054ADB9237376190053174E /* Preview Content */,
			);
			path = BullsEye;
			sourceTree = "<group>";
		};
		0054ADB9237376190053174E /* Preview Content */ = {
			isa = PBXGroup;
			children = (
				0054ADBA237376190053174E /* Preview Assets.xcassets */,
			);
			path = "Preview Content";
			sourceTree = "<group>";
		};
		0054ADC7237376190053174E /* BullsEyeTests */ = {
			isa = PBXGroup;
			children = (
				0054ADC8237376190053174E /* BullsEyeTests.swift */,
				0054ADCA237376190053174E /* Info.plist */,
			);
			path = BullsEyeTests;
			sourceTree = "<group>";
		};
		0054ADD2237376190053174E /* BullsEyeUITests */ = {
			isa = PBXGroup;
			children = (
				0054ADD3237376190053174E /* BullsEyeUITests.swift */,
				0054ADD5237376190053174E /* Info.plist */,
			);
			path = BullsEyeUITests;
			sourceTree = "<group>";
		};
/* End PBXGroup section */

/* Begin PBXNativeTarget section */
		0054ADAD237376160053174E /* BullsEye */ = {
			isa = PBXNativeTarget;
			buildConfigurationList = 0054ADD8237376190053174E /* Build configuration list for PBXNativeTarget "BullsEye" */;
			buildPhases = (
				0054ADAA237376160053174E /* Sources */,
				0054ADAB237376160053174E /* Frameworks */,
				0054ADAC237376160053174E /* Resources */,
			);
			buildRules = (
			);
			dependencies = (
			);
			name = BullsEye;
			productName = BullsEye;
			productReference = 0054ADAE237376160053174E /* BullsEye.app */;
			productType = "com.apple.product-type.application";
		};
		0054ADC3237376190053174E /* BullsEyeTests */ = {
			isa = PBXNativeTarget;
			buildConfigurationList = 0054ADDB237376190053174E /* Build configuration list for PBXNativeTarget "BullsEyeTests" */;
			buildPhases = (
				0054ADC0237376190053174E /* Sources */,
				0054ADC1237376190053174E /* Frameworks */,
				0054ADC2237376190053174E /* Resources */,
			);
			buildRules = (
			);
			dependencies = (
				0054ADC6237376190053174E /* PBXTargetDependency */,
			);
			name = BullsEyeTests;
			productName = BullsEyeTests;
			productReference = 0054ADC4237376190053174E /* BullsEyeTests.xctest */;
			productType = "com.apple.product-type.bundle.unit-test";
		};
		0054ADCE237376190053174E /* BullsEyeUITests */ = {
			isa = PBXNativeTarget;
			buildConfigurationList = 0054ADDE237376190053174E /* Build configuration list for PBXNativeTarget "BullsEyeUITests" */;
			buildPhases = (
				0054ADCB237376190053174E /* Sources */,
				0054ADCC237376190053174E /* Frameworks */,
				0054ADCD237376190053174E /* Resources */,
			);
			buildRules = (
			);
			dependencies = (
				0054ADD1237376190053174E /* PBXTargetDependency */,
			);
			name = BullsEyeUITests;
			productName = BullsEyeUITests;
			productReference = 0054ADCF237376190053174E /* BullsEyeUITests.xctest */;
			productType = "com.apple.product-type.bundle.ui-testing";
		};
/* End PBXNativeTarget section */

/* Begin PBXProject section */
		0054ADA6237376160053174E /* Project object */ = {
			isa = PBXProject;
			attributes = {
				LastSwiftUpdateCheck = 1100;
				LastUpgradeCheck = 1100;
				ORGANIZATIONNAME = "Dmitrii Fotesco";
				TargetAttributes = {
					0054ADAD237376160053174E = {
						CreatedOnToolsVersion = 11.0;
					};
					0054ADC3237376190053174E = {
						CreatedOnToolsVersion = 11.0;
						TestTargetID = 0054ADAD237376160053174E;
					};
					0054ADCE237376190053174E = {
						CreatedOnToolsVersion = 11.0;
						TestTargetID = 0054ADAD237376160053174E;
					};
				};
			};
			buildConfigurationList = 0054ADA9237376160053174E /* Build configuration list for PBXProject "BullsEye" */;
			compatibilityVersion = "Xcode 9.3";
			developmentRegion = en;
			hasScannedForEncodings = 0;
			knownRegions = (
				en,
				Base,
			);
			mainGroup = 0054ADA5237376160053174E;
			productRefGroup = 0054ADAF237376160053174E /* Products */;
			projectDirPath = "";
			projectRoot = "";
			targets = (
				0054ADAD237376160053174E /* BullsEye */,
				0054ADC3237376190053174E /* BullsEyeTests */,
				0054ADCE237376190053174E /* BullsEyeUITests */,
			);
		};
/* End PBXProject section */

/* Begin PBXResourcesBuildPhase section */
		0054ADAC237376160053174E /* Resources */ = {
			isa = PBXResourcesBuildPhase;
			buildActionMask = 2147483647;
			files = (
				0054ADBE237376190053174E /* LaunchScreen.storyboard in Resources */,
				0054ADBB237376190053174E /* Preview Assets.xcassets in Resources */,
				0054ADB8237376190053174E /* Assets.xcassets in Resources */,
			);
			runOnlyForDeploymentPostprocessing = 0;
		};
		0054ADC2237376190053174E /* Resources */ = {
			isa = PBXResourcesBuildPhase;
			buildActionMask = 2147483647;
			files = (
			);
			runOnlyForDeploymentPostprocessing = 0;
		};
		0054ADCD237376190053174E /* Resources */ = {
			isa = PBXResourcesBuildPhase;
			buildActionMask = 2147483647;
			files = (
			);
			runOnlyForDeploymentPostprocessing = 0;
		};
/* End PBXResourcesBuildPhase section */

/* Begin PBXSourcesBuildPhase section */
		0054ADAA237376160053174E /* Sources */ = {
			isa = PBXSourcesBuildPhase;
			buildActionMask = 2147483647;
			files = (
				0054ADB2237376160053174E /* AppDelegate.swift in Sources */,
				0054ADB4237376160053174E /* SceneDelegate.swift in Sources */,
				0054ADB6237376160053174E /* ContentView.swift in Sources */,
			);
			runOnlyForDeploymentPostprocessing = 0;
		};
		0054ADC0237376190053174E /* Sources */ = {
			isa = PBXSourcesBuildPhase;
			buildActionMask = 2147483647;
			files = (
				0054ADC9237376190053174E /* BullsEyeTests.swift in Sources */,
			);
			runOnlyForDeploymentPostprocessing = 0;
		};
		0054ADCB237376190053174E /* Sources */ = {
			isa = PBXSourcesBuildPhase;
			buildActionMask = 2147483647;
			files = (
				0054ADD4237376190053174E /* BullsEyeUITests.swift in Sources */,
			);
			runOnlyForDeploymentPostprocessing = 0;
		};
/* End PBXSourcesBuildPhase section */

/* Begin PBXTargetDependency section */
		0054ADC6237376190053174E /* PBXTargetDependency */ = {
			isa = PBXTargetDependency;
			target = 0054ADAD237376160053174E /* BullsEye */;
			targetProxy = 0054ADC5237376190053174E /* PBXContainerItemProxy */;
		};
		0054ADD1237376190053174E /* PBXTargetDependency */ = {
			isa = PBXTargetDependency;
			target = 0054ADAD237376160053174E /* BullsEye */;
			targetProxy = 0054ADD0237376190053174E /* PBXContainerItemProxy */;
		};
/* End PBXTargetDependency section */

/* Begin PBXVariantGroup section */
		0054ADBC237376190053174E /* LaunchScreen.storyboard */ = {
			isa = PBXVariantGroup;
			children = (
				0054ADBD237376190053174E /* Base */,
			);
			name = LaunchScreen.storyboard;
			sourceTree = "<group>";
		};
/* End PBXVariantGroup section */

/* Begin XCBuildConfiguration section */
		0054ADD6237376190053174E /* Debug */ = {
			isa = XCBuildConfiguration;
			buildSettings = {
				ALWAYS_SEARCH_USER_PATHS = NO;
				CLANG_ANALYZER_NONNULL = YES;
				CLANG_ANALYZER_NUMBER_OBJECT_CONVERSION = YES_AGGRESSIVE;
				CLANG_CXX_LANGUAGE_STANDARD = "gnu++14";
				CLANG_CXX_LIBRARY = "libc++";
				CLANG_ENABLE_MODULES = YES;
				CLANG_ENABLE_OBJC_ARC = YES;
				CLANG_ENABLE_OBJC_WEAK = YES;
				CLANG_WARN_BLOCK_CAPTURE_AUTORELEASING = YES;
				CLANG_WARN_BOOL_CONVERSION = YES;
				CLANG_WARN_COMMA = YES;
				CLANG_WARN_CONSTANT_CONVERSION = YES;
				CLANG_WARN_DEPRECATED_OBJC_IMPLEMENTATIONS = YES;
				CLANG_WARN_DIRECT_OBJC_ISA_USAGE = YES_ERROR;
				CLANG_WARN_DOCUMENTATION_COMMENTS = YES;
				CLANG_WARN_EMPTY_BODY = YES;
				CLANG_WARN_ENUM_CONVERSION = YES;
				CLANG_WARN_INFINITE_RECURSION = YES;
				CLANG_WARN_INT_CONVERSION = YES;
				CLANG_WARN_NON_LITERAL_NULL_CONVERSION = YES;
				CLANG_WARN_OBJC_IMPLICIT_RETAIN_SELF = YES;
				CLANG_WARN_OBJC_LITERAL_CONVERSION = YES;
				CLANG_WARN_OBJC_ROOT_CLASS = YES_ERROR;
				CLANG_WARN_RANGE_LOOP_ANALYSIS = YES;
				CLANG_WARN_STRICT_PROTOTYPES = YES;
				CLANG_WARN_SUSPICIOUS_MOVE = YES;
				CLANG_WARN_UNGUARDED_AVAILABILITY = YES_AGGRESSIVE;
				CLANG_WARN_UNREACHABLE_CODE = YES;
				CLANG_WARN__DUPLICATE_METHOD_MATCH = YES;
				COPY_PHASE_STRIP = NO;
				DEBUG_INFORMATION_FORMAT = dwarf;
				ENABLE_STRICT_OBJC_MSGSEND = YES;
				ENABLE_TESTABILITY = YES;
				GCC_C_LANGUAGE_STANDARD = gnu11;
				GCC_DYNAMIC_NO_PIC = NO;
				GCC_NO_COMMON_BLOCKS = YES;
				GCC_OPTIMIZATION_LEVEL = 0;
				GCC_PREPROCESSOR_DEFINITIONS = (
					"DEBUG=1",
					"$(inherited)",
				);
				GCC_WARN_64_TO_32_BIT_CONVERSION = YES;
				GCC_WARN_ABOUT_RETURN_TYPE = YES_ERROR;
				GCC_WARN_UNDECLARED_SELECTOR = YES;
				GCC_WARN_UNINITIALIZED_AUTOS = YES_AGGRESSIVE;
				GCC_WARN_UNUSED_FUNCTION = YES;
				GCC_WARN_UNUSED_VARIABLE = YES;
				IPHONEOS_DEPLOYMENT_TARGET = 13.0;
				MTL_ENABLE_DEBUG_INFO = INCLUDE_SOURCE;
				MTL_FAST_MATH = YES;
				ONLY_ACTIVE_ARCH = YES;
				SDKROOT = iphoneos;
				SWIFT_ACTIVE_COMPILATION_CONDITIONS = DEBUG;
				SWIFT_OPTIMIZATION_LEVEL = "-Onone";
			};
			name = Debug;
		};
		0054ADD7237376190053174E /* Release */ = {
			isa = XCBuildConfiguration;
			buildSettings = {
				ALWAYS_SEARCH_USER_PATHS = NO;
				CLANG_ANALYZER_NONNULL = YES;
				CLANG_ANALYZER_NUMBER_OBJECT_CONVERSION = YES_AGGRESSIVE;
				CLANG_CXX_LANGUAGE_STANDARD = "gnu++14";
				CLANG_CXX_LIBRARY = "libc++";
				CLANG_ENABLE_MODULES = YES;
				CLANG_ENABLE_OBJC_ARC = YES;
				CLANG_ENABLE_OBJC_WEAK = YES;
				CLANG_WARN_BLOCK_CAPTURE_AUTORELEASING = YES;
				CLANG_WARN_BOOL_CONVERSION = YES;
				CLANG_WARN_COMMA = YES;
				CLANG_WARN_CONSTANT_CONVERSION = YES;
				CLANG_WARN_DEPRECATED_OBJC_IMPLEMENTATIONS = YES;
				CLANG_WARN_DIRECT_OBJC_ISA_USAGE = YES_ERROR;
				CLANG_WARN_DOCUMENTATION_COMMENTS = YES;
				CLANG_WARN_EMPTY_BODY = YES;
				CLANG_WARN_ENUM_CONVERSION = YES;
				CLANG_WARN_INFINITE_RECURSION = YES;
				CLANG_WARN_INT_CONVERSION = YES;
				CLANG_WARN_NON_LITERAL_NULL_CONVERSION = YES;
				CLANG_WARN_OBJC_IMPLICIT_RETAIN_SELF = YES;
				CLANG_WARN_OBJC_LITERAL_CONVERSION = YES;
				CLANG_WARN_OBJC_ROOT_CLASS = YES_ERROR;
				CLANG_WARN_RANGE_LOOP_ANALYSIS = YES;
				CLANG_WARN_STRICT_PROTOTYPES = YES;
				CLANG_WARN_SUSPICIOUS_MOVE = YES;
				CLANG_WARN_UNGUARDED_AVAILABILITY = YES_AGGRESSIVE;
				CLANG_WARN_UNREACHABLE_CODE = YES;
				CLANG_WARN__DUPLICATE_METHOD_MATCH = YES;
				COPY_PHASE_STRIP = NO;
				DEBUG_INFORMATION_FORMAT = "dwarf-with-dsym";
				ENABLE_NS_ASSERTIONS = NO;
				ENABLE_STRICT_OBJC_MSGSEND = YES;
				GCC_C_LANGUAGE_STANDARD = gnu11;
				GCC_NO_COMMON_BLOCKS = YES;
				GCC_WARN_64_TO_32_BIT_CONVERSION = YES;
				GCC_WARN_ABOUT_RETURN_TYPE = YES_ERROR;
				GCC_WARN_UNDECLARED_SELECTOR = YES;
				GCC_WARN_UNINITIALIZED_AUTOS = YES_AGGRESSIVE;
				GCC_WARN_UNUSED_FUNCTION = YES;
				GCC_WARN_UNUSED_VARIABLE = YES;
				IPHONEOS_DEPLOYMENT_TARGET = 13.0;
				MTL_ENABLE_DEBUG_INFO = NO;
				MTL_FAST_MATH = YES;
				SDKROOT = iphoneos;
				SWIFT_COMPILATION_MODE = wholemodule;
				SWIFT_OPTIMIZATION_LEVEL = "-O";
				VALIDATE_PRODUCT = YES;
			};
			name = Release;
		};
		0054ADD9237376190053174E /* Debug */ = {
			isa = XCBuildConfiguration;
			buildSettings = {
				ASSETCATALOG_COMPILER_APPICON_NAME = AppIcon;
				CODE_SIGN_STYLE = Automatic;
				DEVELOPMENT_ASSET_PATHS = "\"BullsEye/Preview Content\"";
				ENABLE_PREVIEWS = YES;
				INFOPLIST_FILE = BullsEye/Info.plist;
				LD_RUNPATH_SEARCH_PATHS = (
					"$(inherited)",
					"@executable_path/Frameworks",
				);
				PRODUCT_BUNDLE_IDENTIFIER = fotescodev.BullsEye;
				PRODUCT_NAME = "$(TARGET_NAME)";
				SWIFT_VERSION = 5.0;
				TARGETED_DEVICE_FAMILY = "1,2";
			};
			name = Debug;
		};
		0054ADDA237376190053174E /* Release */ = {
			isa = XCBuildConfiguration;
			buildSettings = {
				ASSETCATALOG_COMPILER_APPICON_NAME = AppIcon;
				CODE_SIGN_STYLE = Automatic;
				DEVELOPMENT_ASSET_PATHS = "\"BullsEye/Preview Content\"";
				ENABLE_PREVIEWS = YES;
				INFOPLIST_FILE = BullsEye/Info.plist;
				LD_RUNPATH_SEARCH_PATHS = (
					"$(inherited)",
					"@executable_path/Frameworks",
				);
				PRODUCT_BUNDLE_IDENTIFIER = fotescodev.BullsEye;
				PRODUCT_NAME = "$(TARGET_NAME)";
				SWIFT_VERSION = 5.0;
				TARGETED_DEVICE_FAMILY = "1,2";
			};
			name = Release;
		};
		0054ADDC237376190053174E /* Debug */ = {
			isa = XCBuildConfiguration;
			buildSettings = {
				ALWAYS_EMBED_SWIFT_STANDARD_LIBRARIES = YES;
				BUNDLE_LOADER = "$(TEST_HOST)";
				CODE_SIGN_STYLE = Automatic;
				INFOPLIST_FILE = BullsEyeTests/Info.plist;
				IPHONEOS_DEPLOYMENT_TARGET = 13.0;
				LD_RUNPATH_SEARCH_PATHS = (
					"$(inherited)",
					"@executable_path/Frameworks",
					"@loader_path/Frameworks",
				);
				PRODUCT_BUNDLE_IDENTIFIER = fotescodev.BullsEyeTests;
				PRODUCT_NAME = "$(TARGET_NAME)";
				SWIFT_VERSION = 5.0;
				TARGETED_DEVICE_FAMILY = "1,2";
				TEST_HOST = "$(BUILT_PRODUCTS_DIR)/BullsEye.app/BullsEye";
			};
			name = Debug;
		};
		0054ADDD237376190053174E /* Release */ = {
			isa = XCBuildConfiguration;
			buildSettings = {
				ALWAYS_EMBED_SWIFT_STANDARD_LIBRARIES = YES;
				BUNDLE_LOADER = "$(TEST_HOST)";
				CODE_SIGN_STYLE = Automatic;
				INFOPLIST_FILE = BullsEyeTests/Info.plist;
				IPHONEOS_DEPLOYMENT_TARGET = 13.0;
				LD_RUNPATH_SEARCH_PATHS = (
					"$(inherited)",
					"@executable_path/Frameworks",
					"@loader_path/Frameworks",
				);
				PRODUCT_BUNDLE_IDENTIFIER = fotescodev.BullsEyeTests;
				PRODUCT_NAME = "$(TARGET_NAME)";
				SWIFT_VERSION = 5.0;
				TARGETED_DEVICE_FAMILY = "1,2";
				TEST_HOST = "$(BUILT_PRODUCTS_DIR)/BullsEye.app/BullsEye";
			};
			name = Release;
		};
		0054ADDF237376190053174E /* Debug */ = {
			isa = XCBuildConfiguration;
			buildSettings = {
				ALWAYS_EMBED_SWIFT_STANDARD_LIBRARIES = YES;
				CODE_SIGN_STYLE = Automatic;
				INFOPLIST_FILE = BullsEyeUITests/Info.plist;
				LD_RUNPATH_SEARCH_PATHS = (
					"$(inherited)",
					"@executable_path/Frameworks",
					"@loader_path/Frameworks",
				);
				PRODUCT_BUNDLE_IDENTIFIER = fotescodev.BullsEyeUITests;
				PRODUCT_NAME = "$(TARGET_NAME)";
				SWIFT_VERSION = 5.0;
				TARGETED_DEVICE_FAMILY = "1,2";
				TEST_TARGET_NAME = BullsEye;
			};
			name = Debug;
		};
		0054ADE0237376190053174E /* Release */ = {
			isa = XCBuildConfiguration;
			buildSettings = {
				ALWAYS_EMBED_SWIFT_STANDARD_LIBRARIES = YES;
				CODE_SIGN_STYLE = Automatic;
				INFOPLIST_FILE = BullsEyeUITests/Info.plist;
				LD_RUNPATH_SEARCH_PATHS = (
					"$(inherited)",
					"@executable_path/Frameworks",
					"@loader_path/Frameworks",
				);
				PRODUCT_BUNDLE_IDENTIFIER = fotescodev.BullsEyeUITests;
				PRODUCT_NAME = "$(TARGET_NAME)";
				SWIFT_VERSION = 5.0;
				TARGETED_DEVICE_FAMILY = "1,2";
				TEST_TARGET_NAME = BullsEye;
			};
			name = Release;
		};
/* End XCBuildConfiguration section */

/* Begin XCConfigurationList section */
		0054ADA9237376160053174E /* Build configuration list for PBXProject "BullsEye" */ = {
			isa = XCConfigurationList;
			buildConfigurations = (
				0054ADD6237376190053174E /* Debug */,
				0054ADD7237376190053174E /* Release */,
			);
			defaultConfigurationIsVisible = 0;
			defaultConfigurationName = Release;
		};
		0054ADD8237376190053174E /* Build configuration list for PBXNativeTarget "BullsEye" */ = {
			isa = XCConfigurationList;
			buildConfigurations = (
				0054ADD9237376190053174E /* Debug */,
				0054ADDA237376190053174E /* Release */,
			);
			defaultConfigurationIsVisible = 0;
			defaultConfigurationName = Release;
		};
		0054ADDB237376190053174E /* Build configuration list for PBXNativeTarget "BullsEyeTests" */ = {
			isa = XCConfigurationList;
			buildConfigurations = (
				0054ADDC237376190053174E /* Debug */,
				0054ADDD237376190053174E /* Release */,
			);
			defaultConfigurationIsVisible = 0;
			defaultConfigurationName = Release;
		};
		0054ADDE237376190053174E /* Build configuration list for PBXNativeTarget "BullsEyeUITests" */ = {
			isa = XCConfigurationList;
			buildConfigurations = (
				0054ADDF237376190053174E /* Debug */,
				0054ADE0237376190053174E /* Release */,
			);
			defaultConfigurationIsVisible = 0;
			defaultConfigurationName = Release;
		};
/* End XCConfigurationList section */
	};
	rootObject = 0054ADA6237376160053174E /* Project object */;
}
